
Microsoft Visual Studio Solution File, Format Version 12.00
Project("{2150E333-8FDC-42A3-9474-1A3956D46DE8}") = "Documentation", "Documentation", "{551635B5-751A-4075-8AC4-0895B47955CF}"
EndProject
Project("{2150E333-8FDC-42A3-9474-1A3956D46DE8}") = "src", "src", "{7841A26D-5862-4C5F-8FC1-D0F7EF0DE4AA}"
EndProject
Project("{2150E333-8FDC-42A3-9474-1A3956D46DE8}") = "Core", "Core", "{A4213D0A-A0B0-4F87-B714-E0FFF606941A}"
EndProject
Project("{2150E333-8FDC-42A3-9474-1A3956D46DE8}") = "Tools", "Tools", "{C1CCD0D9-7C65-48A5-A28A-B9E85ABC4C8F}"
	ProjectSection(SolutionItems) = preProject
		src\Core\Tools\VIAEventAssociation.Core.Tools.OperationResult\obj\Debug\net8.0\.NETCoreApp,Version = v8.0.AssemblyAttributes.cs = src\Core\Tools\VIAEventAssociation.Core.Tools.OperationResult\obj\Debug\net8.0\.NETCoreApp,Version=v8.0.AssemblyAttributes.cs
	EndProjectSection
EndProject
Project("{2150E333-8FDC-42A3-9474-1A3956D46DE8}") = "Tests", "Tests", "{75AF6604-233C-475E-97DB-293DFBB50029}"
EndProject
Project("{2150E333-8FDC-42A3-9474-1A3956D46DE8}") = "Assignment1", "Assignment1", "{00018ECB-7623-45CC-83CF-AF50990CB65E}"
EndProject
Project("{2150E333-8FDC-42A3-9474-1A3956D46DE8}") = "Assignment2", "Assignment2", "{EDFCA32A-27EB-49E8-8609-734382179882}"
EndProject
Project("{FAE04EC0-301F-11D3-BF4B-00C04F79EFBC}") = "VIAEventAssociation.Core.Tools.OperationResult", "src\Core\Tools\VIAEventAssociation.Core.Tools.OperationResult\VIAEventAssociation.Core.Tools.OperationResult.csproj", "{D699DAB5-F998-4907-B492-224B683343E0}"
EndProject
Project("{FAE04EC0-301F-11D3-BF4B-00C04F79EFBC}") = "UnitTests", "Tests\UnitTests\UnitTests.csproj", "{61A4C297-9697-432E-97A7-2858268ECCCB}"
EndProject
Global
	GlobalSection(SolutionConfigurationPlatforms) = preSolution
		Debug|Any CPU = Debug|Any CPU
		Release|Any CPU = Release|Any CPU
	EndGlobalSection
	GlobalSection(NestedProjects) = preSolution
		{A4213D0A-A0B0-4F87-B714-E0FFF606941A} = {7841A26D-5862-4C5F-8FC1-D0F7EF0DE4AA}
		{C1CCD0D9-7C65-48A5-A28A-B9E85ABC4C8F} = {A4213D0A-A0B0-4F87-B714-E0FFF606941A}
		{00018ECB-7623-45CC-83CF-AF50990CB65E} = {551635B5-751A-4075-8AC4-0895B47955CF}
		{EDFCA32A-27EB-49E8-8609-734382179882} = {551635B5-751A-4075-8AC4-0895B47955CF}
		{D699DAB5-F998-4907-B492-224B683343E0} = {C1CCD0D9-7C65-48A5-A28A-B9E85ABC4C8F}
		{61A4C297-9697-432E-97A7-2858268ECCCB} = {75AF6604-233C-475E-97DB-293DFBB50029}
	EndGlobalSection
	GlobalSection(ProjectConfigurationPlatforms) = postSolution
		{D699DAB5-F998-4907-B492-224B683343E0}.Debug|Any CPU.ActiveCfg = Debug|Any CPU
		{D699DAB5-F998-4907-B492-224B683343E0}.Debug|Any CPU.Build.0 = Debug|Any CPU
		{D699DAB5-F998-4907-B492-224B683343E0}.Release|Any CPU.ActiveCfg = Release|Any CPU
		{D699DAB5-F998-4907-B492-224B683343E0}.Release|Any CPU.Build.0 = Release|Any CPU
		{61A4C297-9697-432E-97A7-2858268ECCCB}.Debug|Any CPU.ActiveCfg = Debug|Any CPU
		{61A4C297-9697-432E-97A7-2858268ECCCB}.Debug|Any CPU.Build.0 = Debug|Any CPU
		{61A4C297-9697-432E-97A7-2858268ECCCB}.Release|Any CPU.ActiveCfg = Release|Any CPU
		{61A4C297-9697-432E-97A7-2858268ECCCB}.Release|Any CPU.Build.0 = Release|Any CPU
	EndGlobalSection
EndGlobal
