
Microsoft Visual Studio Solution File, Format Version 12.00
Project("{2150E333-8FDC-42A3-9474-1A3956D46DE8}") = "Documentation", "Documentation", "{551635B5-751A-4075-8AC4-0895B47955CF}"
EndProject
Project("{FAE04EC0-301F-11D3-BF4B-00C04F79EFBC}") = "Assignment1", "Assignment1\Assignment1.csproj", "{0EB24D77-EF01-4446-901D-0A12AC4AE704}"
EndProject
Project("{FAE04EC0-301F-11D3-BF4B-00C04F79EFBC}") = "Assignment2", "Assignment2\Assignment2.csproj", "{2A28563F-84A4-4585-889B-15EED27A0E20}"
EndProject
Global
	GlobalSection(SolutionConfigurationPlatforms) = preSolution
		Debug|Any CPU = Debug|Any CPU
		Release|Any CPU = Release|Any CPU
	EndGlobalSection
	GlobalSection(NestedProjects) = preSolution
		{0EB24D77-EF01-4446-901D-0A12AC4AE704} = {551635B5-751A-4075-8AC4-0895B47955CF}
		{2A28563F-84A4-4585-889B-15EED27A0E20} = {551635B5-751A-4075-8AC4-0895B47955CF}
	EndGlobalSection
	GlobalSection(ProjectConfigurationPlatforms) = postSolution
		{0EB24D77-EF01-4446-901D-0A12AC4AE704}.Debug|Any CPU.ActiveCfg = Debug|Any CPU
		{0EB24D77-EF01-4446-901D-0A12AC4AE704}.Debug|Any CPU.Build.0 = Debug|Any CPU
		{0EB24D77-EF01-4446-901D-0A12AC4AE704}.Release|Any CPU.ActiveCfg = Release|Any CPU
		{0EB24D77-EF01-4446-901D-0A12AC4AE704}.Release|Any CPU.Build.0 = Release|Any CPU
		{2A28563F-84A4-4585-889B-15EED27A0E20}.Debug|Any CPU.ActiveCfg = Debug|Any CPU
		{2A28563F-84A4-4585-889B-15EED27A0E20}.Debug|Any CPU.Build.0 = Debug|Any CPU
		{2A28563F-84A4-4585-889B-15EED27A0E20}.Release|Any CPU.ActiveCfg = Release|Any CPU
		{2A28563F-84A4-4585-889B-15EED27A0E20}.Release|Any CPU.Build.0 = Release|Any CPU
	EndGlobalSection
EndGlobal
